
Microsoft Visual Studio Solution File, Format Version 12.00
# Visual Studio Version 16
VisualStudioVersion = 16.0.31025.194
MinimumVisualStudioVersion = 10.0.40219.1
Project("{FAE04EC0-301F-11D3-BF4B-00C04F79EFBC}") = "DeckOfCards", "DeckOfCards.csproj", "{ECEE94F8-37B7-4DE2-AF03-EA04378FC9F3}"
EndProject
Global
	GlobalSection(SolutionConfigurationPlatforms) = preSolution
		Debug|Any CPU = Debug|Any CPU
		Release|Any CPU = Release|Any CPU
	EndGlobalSection
	GlobalSection(ProjectConfigurationPlatforms) = postSolution
		{ECEE94F8-37B7-4DE2-AF03-EA04378FC9F3}.Debug|Any CPU.ActiveCfg = Debug|Any CPU
		{ECEE94F8-37B7-4DE2-AF03-EA04378FC9F3}.Debug|Any CPU.Build.0 = Debug|Any CPU
		{ECEE94F8-37B7-4DE2-AF03-EA04378FC9F3}.Release|Any CPU.ActiveCfg = Release|Any CPU
		{ECEE94F8-37B7-4DE2-AF03-EA04378FC9F3}.Release|Any CPU.Build.0 = Release|Any CPU
	EndGlobalSection
	GlobalSection(SolutionProperties) = preSolution
		HideSolutionNode = FALSE
	EndGlobalSection
	GlobalSection(ExtensibilityGlobals) = postSolution
		SolutionGuid = {E647C73D-D213-43E5-9857-879211C237F8}
	EndGlobalSection
EndGlobal
